
Microsoft Visual Studio Solution File, Format Version 12.00
# Visual Studio Version 17
VisualStudioVersion = 17.13.35919.96
MinimumVisualStudioVersion = 10.0.40219.1
Project("{FAE04EC0-301F-11D3-BF4B-00C04F79EFBC}") = "UI", "UI\UI.csproj", "{E906F717-3966-4746-94BE-58CBB23C0EEC}"
EndProject
Project("{FAE04EC0-301F-11D3-BF4B-00C04F79EFBC}") = "Domain", "Domain\Domain.csproj", "{765BB6D8-5A7C-4834-8CBA-425652FEE181}"
EndProject
Project("{FAE04EC0-301F-11D3-BF4B-00C04F79EFBC}") = "Application", "Application\Application.csproj", "{8E5C990F-B070-494D-B31B-D9B9C8254BF8}"
EndProject
Global
	GlobalSection(SolutionConfigurationPlatforms) = preSolution
		Debug|Any CPU = Debug|Any CPU
		Release|Any CPU = Release|Any CPU
	EndGlobalSection
	GlobalSection(ProjectConfigurationPlatforms) = postSolution
		{E906F717-3966-4746-94BE-58CBB23C0EEC}.Debug|Any CPU.ActiveCfg = Debug|Any CPU
		{E906F717-3966-4746-94BE-58CBB23C0EEC}.Debug|Any CPU.Build.0 = Debug|Any CPU
		{E906F717-3966-4746-94BE-58CBB23C0EEC}.Release|Any CPU.ActiveCfg = Release|Any CPU
		{E906F717-3966-4746-94BE-58CBB23C0EEC}.Release|Any CPU.Build.0 = Release|Any CPU
		{765BB6D8-5A7C-4834-8CBA-425652FEE181}.Debug|Any CPU.ActiveCfg = Debug|Any CPU
		{765BB6D8-5A7C-4834-8CBA-425652FEE181}.Debug|Any CPU.Build.0 = Debug|Any CPU
		{765BB6D8-5A7C-4834-8CBA-425652FEE181}.Release|Any CPU.ActiveCfg = Release|Any CPU
		{765BB6D8-5A7C-4834-8CBA-425652FEE181}.Release|Any CPU.Build.0 = Release|Any CPU
		{8E5C990F-B070-494D-B31B-D9B9C8254BF8}.Debug|Any CPU.ActiveCfg = Debug|Any CPU
		{8E5C990F-B070-494D-B31B-D9B9C8254BF8}.Debug|Any CPU.Build.0 = Debug|Any CPU
		{8E5C990F-B070-494D-B31B-D9B9C8254BF8}.Release|Any CPU.ActiveCfg = Release|Any CPU
		{8E5C990F-B070-494D-B31B-D9B9C8254BF8}.Release|Any CPU.Build.0 = Release|Any CPU
	EndGlobalSection
	GlobalSection(SolutionProperties) = preSolution
		HideSolutionNode = FALSE
	EndGlobalSection
	GlobalSection(ExtensibilityGlobals) = postSolution
		SolutionGuid = {C1D2F493-C18E-4F14-B28A-8DE5C9BD02B0}
	EndGlobalSection
EndGlobal
